
Microsoft Visual Studio Solution File, Format Version 12.00
# Visual Studio Version 16
VisualStudioVersion = 16.0.32002.261
MinimumVisualStudioVersion = 10.0.40219.1
Project("{FAE04EC0-301F-11D3-BF4B-00C04F79EFBC}") = "Grouping", "Grouping\Grouping.csproj", "{B9AE4DB7-1C88-4E0E-A3F0-64782EB718F7}"
EndProject
Global
	GlobalSection(SolutionConfigurationPlatforms) = preSolution
		Debug|Any CPU = Debug|Any CPU
		Release|Any CPU = Release|Any CPU
	EndGlobalSection
	GlobalSection(ProjectConfigurationPlatforms) = postSolution
		{B9AE4DB7-1C88-4E0E-A3F0-64782EB718F7}.Debug|Any CPU.ActiveCfg = Debug|Any CPU
		{B9AE4DB7-1C88-4E0E-A3F0-64782EB718F7}.Debug|Any CPU.Build.0 = Debug|Any CPU
		{B9AE4DB7-1C88-4E0E-A3F0-64782EB718F7}.Release|Any CPU.ActiveCfg = Release|Any CPU
		{B9AE4DB7-1C88-4E0E-A3F0-64782EB718F7}.Release|Any CPU.Build.0 = Release|Any CPU
	EndGlobalSection
	GlobalSection(SolutionProperties) = preSolution
		HideSolutionNode = FALSE
	EndGlobalSection
	GlobalSection(ExtensibilityGlobals) = postSolution
		SolutionGuid = {459D6C7C-D3DA-420E-87A4-B56B6CBAF73F}
	EndGlobalSection
EndGlobal
