
Microsoft Visual Studio Solution File, Format Version 12.00
# Visual Studio Version 16
VisualStudioVersion = 16.0.31424.327
MinimumVisualStudioVersion = 10.0.40219.1
Project("{FAE04EC0-301F-11D3-BF4B-00C04F79EFBC}") = "Overloading", "Overloading\Overloading.csproj", "{ABD38E62-0D5D-4374-8ED0-E605E0677815}"
EndProject
Global
	GlobalSection(SolutionConfigurationPlatforms) = preSolution
		Debug|Any CPU = Debug|Any CPU
		Release|Any CPU = Release|Any CPU
	EndGlobalSection
	GlobalSection(ProjectConfigurationPlatforms) = postSolution
		{ABD38E62-0D5D-4374-8ED0-E605E0677815}.Debug|Any CPU.ActiveCfg = Debug|Any CPU
		{ABD38E62-0D5D-4374-8ED0-E605E0677815}.Debug|Any CPU.Build.0 = Debug|Any CPU
		{ABD38E62-0D5D-4374-8ED0-E605E0677815}.Release|Any CPU.ActiveCfg = Release|Any CPU
		{ABD38E62-0D5D-4374-8ED0-E605E0677815}.Release|Any CPU.Build.0 = Release|Any CPU
	EndGlobalSection
	GlobalSection(SolutionProperties) = preSolution
		HideSolutionNode = FALSE
	EndGlobalSection
	GlobalSection(ExtensibilityGlobals) = postSolution
		SolutionGuid = {45D17EAA-7BFA-484F-90E3-4D1F1356A1A7}
	EndGlobalSection
EndGlobal
