
Microsoft Visual Studio Solution File, Format Version 12.00
# Visual Studio Version 16
VisualStudioVersion = 16.0.31424.327
MinimumVisualStudioVersion = 10.0.40219.1
Project("{FAE04EC0-301F-11D3-BF4B-00C04F79EFBC}") = "ClassMembers", "ClassMembers\ClassMembers.csproj", "{15366392-E1E1-4B7C-95F5-3432B5FADD53}"
EndProject
Global
	GlobalSection(SolutionConfigurationPlatforms) = preSolution
		Debug|Any CPU = Debug|Any CPU
		Release|Any CPU = Release|Any CPU
	EndGlobalSection
	GlobalSection(ProjectConfigurationPlatforms) = postSolution
		{15366392-E1E1-4B7C-95F5-3432B5FADD53}.Debug|Any CPU.ActiveCfg = Debug|Any CPU
		{15366392-E1E1-4B7C-95F5-3432B5FADD53}.Debug|Any CPU.Build.0 = Debug|Any CPU
		{15366392-E1E1-4B7C-95F5-3432B5FADD53}.Release|Any CPU.ActiveCfg = Release|Any CPU
		{15366392-E1E1-4B7C-95F5-3432B5FADD53}.Release|Any CPU.Build.0 = Release|Any CPU
	EndGlobalSection
	GlobalSection(SolutionProperties) = preSolution
		HideSolutionNode = FALSE
	EndGlobalSection
	GlobalSection(ExtensibilityGlobals) = postSolution
		SolutionGuid = {BB7F26B9-7602-40FA-BE43-EC920A968FA8}
	EndGlobalSection
EndGlobal
