
Microsoft Visual Studio Solution File, Format Version 12.00
# Visual Studio Version 16
VisualStudioVersion = 16.0.31424.327
MinimumVisualStudioVersion = 10.0.40219.1
Project("{FAE04EC0-301F-11D3-BF4B-00C04F79EFBC}") = "OOP", "OOP\OOP.csproj", "{3348D976-AFEC-439C-BECC-A58F8C5C92DD}"
EndProject
Global
	GlobalSection(SolutionConfigurationPlatforms) = preSolution
		Debug|Any CPU = Debug|Any CPU
		Release|Any CPU = Release|Any CPU
	EndGlobalSection
	GlobalSection(ProjectConfigurationPlatforms) = postSolution
		{3348D976-AFEC-439C-BECC-A58F8C5C92DD}.Debug|Any CPU.ActiveCfg = Debug|Any CPU
		{3348D976-AFEC-439C-BECC-A58F8C5C92DD}.Debug|Any CPU.Build.0 = Debug|Any CPU
		{3348D976-AFEC-439C-BECC-A58F8C5C92DD}.Release|Any CPU.ActiveCfg = Release|Any CPU
		{3348D976-AFEC-439C-BECC-A58F8C5C92DD}.Release|Any CPU.Build.0 = Release|Any CPU
	EndGlobalSection
	GlobalSection(SolutionProperties) = preSolution
		HideSolutionNode = FALSE
	EndGlobalSection
	GlobalSection(ExtensibilityGlobals) = postSolution
		SolutionGuid = {F931FF5C-5A2C-4F2D-87E9-6CE01C7BB4C4}
	EndGlobalSection
EndGlobal
