
Microsoft Visual Studio Solution File, Format Version 12.00
# Visual Studio Version 16
VisualStudioVersion = 16.0.31424.327
MinimumVisualStudioVersion = 10.0.40219.1
Project("{FAE04EC0-301F-11D3-BF4B-00C04F79EFBC}") = "Properties (Get and Set)", "Properties (Get and Set)\Properties (Get and Set).csproj", "{79AAA12A-8CD0-419B-82B3-5445719D49A6}"
EndProject
Global
	GlobalSection(SolutionConfigurationPlatforms) = preSolution
		Debug|Any CPU = Debug|Any CPU
		Release|Any CPU = Release|Any CPU
	EndGlobalSection
	GlobalSection(ProjectConfigurationPlatforms) = postSolution
		{79AAA12A-8CD0-419B-82B3-5445719D49A6}.Debug|Any CPU.ActiveCfg = Debug|Any CPU
		{79AAA12A-8CD0-419B-82B3-5445719D49A6}.Debug|Any CPU.Build.0 = Debug|Any CPU
		{79AAA12A-8CD0-419B-82B3-5445719D49A6}.Release|Any CPU.ActiveCfg = Release|Any CPU
		{79AAA12A-8CD0-419B-82B3-5445719D49A6}.Release|Any CPU.Build.0 = Release|Any CPU
	EndGlobalSection
	GlobalSection(SolutionProperties) = preSolution
		HideSolutionNode = FALSE
	EndGlobalSection
	GlobalSection(ExtensibilityGlobals) = postSolution
		SolutionGuid = {1FB5119D-3B37-4C57-98E3-D262804AC3D7}
	EndGlobalSection
EndGlobal
