
Microsoft Visual Studio Solution File, Format Version 12.00
# Visual Studio Version 16
VisualStudioVersion = 16.0.32002.261
MinimumVisualStudioVersion = 10.0.40219.1
Project("{FAE04EC0-301F-11D3-BF4B-00C04F79EFBC}") = "Join Inner Join of Object", "Join Inner Join of Object\Join Inner Join of Object.csproj", "{CF9A00A4-7DBE-4D4C-A269-5E12EEE9AEC1}"
EndProject
Global
	GlobalSection(SolutionConfigurationPlatforms) = preSolution
		Debug|Any CPU = Debug|Any CPU
		Release|Any CPU = Release|Any CPU
	EndGlobalSection
	GlobalSection(ProjectConfigurationPlatforms) = postSolution
		{CF9A00A4-7DBE-4D4C-A269-5E12EEE9AEC1}.Debug|Any CPU.ActiveCfg = Debug|Any CPU
		{CF9A00A4-7DBE-4D4C-A269-5E12EEE9AEC1}.Debug|Any CPU.Build.0 = Debug|Any CPU
		{CF9A00A4-7DBE-4D4C-A269-5E12EEE9AEC1}.Release|Any CPU.ActiveCfg = Release|Any CPU
		{CF9A00A4-7DBE-4D4C-A269-5E12EEE9AEC1}.Release|Any CPU.Build.0 = Release|Any CPU
	EndGlobalSection
	GlobalSection(SolutionProperties) = preSolution
		HideSolutionNode = FALSE
	EndGlobalSection
	GlobalSection(ExtensibilityGlobals) = postSolution
		SolutionGuid = {6CB557B7-ADBF-4224-BD35-DF1EAD1E1F76}
	EndGlobalSection
EndGlobal
