
Microsoft Visual Studio Solution File, Format Version 12.00
# Visual Studio Version 16
VisualStudioVersion = 16.0.31424.327
MinimumVisualStudioVersion = 10.0.40219.1
Project("{FAE04EC0-301F-11D3-BF4B-00C04F79EFBC}") = "PizzaDoang", "PizzaDoang\PizzaDoang.csproj", "{AEA5CBB1-24C7-4038-B07B-41AE15D17F8B}"
EndProject
Global
	GlobalSection(SolutionConfigurationPlatforms) = preSolution
		Debug|Any CPU = Debug|Any CPU
		Release|Any CPU = Release|Any CPU
	EndGlobalSection
	GlobalSection(ProjectConfigurationPlatforms) = postSolution
		{AEA5CBB1-24C7-4038-B07B-41AE15D17F8B}.Debug|Any CPU.ActiveCfg = Debug|Any CPU
		{AEA5CBB1-24C7-4038-B07B-41AE15D17F8B}.Debug|Any CPU.Build.0 = Debug|Any CPU
		{AEA5CBB1-24C7-4038-B07B-41AE15D17F8B}.Release|Any CPU.ActiveCfg = Release|Any CPU
		{AEA5CBB1-24C7-4038-B07B-41AE15D17F8B}.Release|Any CPU.Build.0 = Release|Any CPU
	EndGlobalSection
	GlobalSection(SolutionProperties) = preSolution
		HideSolutionNode = FALSE
	EndGlobalSection
	GlobalSection(ExtensibilityGlobals) = postSolution
		SolutionGuid = {D87AD840-A8F4-411E-B421-128BC86AE5EE}
	EndGlobalSection
EndGlobal
