
Microsoft Visual Studio Solution File, Format Version 12.00
# Visual Studio Version 16
VisualStudioVersion = 16.0.31424.327
MinimumVisualStudioVersion = 10.0.40219.1
Project("{FAE04EC0-301F-11D3-BF4B-00C04F79EFBC}") = "RestAPI", "RestAPI\RestAPI.csproj", "{BD054A5E-3240-474C-BC7B-FF4DC7750C48}"
EndProject
Global
	GlobalSection(SolutionConfigurationPlatforms) = preSolution
		Debug|Any CPU = Debug|Any CPU
		Release|Any CPU = Release|Any CPU
	EndGlobalSection
	GlobalSection(ProjectConfigurationPlatforms) = postSolution
		{BD054A5E-3240-474C-BC7B-FF4DC7750C48}.Debug|Any CPU.ActiveCfg = Debug|Any CPU
		{BD054A5E-3240-474C-BC7B-FF4DC7750C48}.Debug|Any CPU.Build.0 = Debug|Any CPU
		{BD054A5E-3240-474C-BC7B-FF4DC7750C48}.Release|Any CPU.ActiveCfg = Release|Any CPU
		{BD054A5E-3240-474C-BC7B-FF4DC7750C48}.Release|Any CPU.Build.0 = Release|Any CPU
	EndGlobalSection
	GlobalSection(SolutionProperties) = preSolution
		HideSolutionNode = FALSE
	EndGlobalSection
	GlobalSection(ExtensibilityGlobals) = postSolution
		SolutionGuid = {2938C295-C11A-428A-A25A-E9BA77E1FD9D}
	EndGlobalSection
EndGlobal
